
Microsoft Visual Studio Solution File, Format Version 12.00
# Visual Studio 2012
Project("{FAE04EC0-301F-11D3-BF4B-00C04F79EFBC}") = "Web", "Web\Web.csproj", "{B1A40038-1749-40E0-BB21-F384DCA50FB7}"
EndProject
Project("{FAE04EC0-301F-11D3-BF4B-00C04F79EFBC}") = "HtmlAgilityPack", "HtmlAgilityPack20\HtmlAgilityPack\HtmlAgilityPack.csproj", "{193BB801-054F-4729-9D5D-FCE1E32594BF}"
EndProject
Project("{FAE04EC0-301F-11D3-BF4B-00C04F79EFBC}") = "whLib", "whLib\whLib.csproj", "{420B6F3B-5FEC-4B6D-8644-5DD3D23CC334}"
EndProject
Global
	GlobalSection(SolutionConfigurationPlatforms) = preSolution
		Debug|Any CPU = Debug|Any CPU
		Release|Any CPU = Release|Any CPU
	EndGlobalSection
	GlobalSection(ProjectConfigurationPlatforms) = postSolution
		{B1A40038-1749-40E0-BB21-F384DCA50FB7}.Debug|Any CPU.ActiveCfg = Debug|Any CPU
		{B1A40038-1749-40E0-BB21-F384DCA50FB7}.Debug|Any CPU.Build.0 = Debug|Any CPU
		{B1A40038-1749-40E0-BB21-F384DCA50FB7}.Release|Any CPU.ActiveCfg = Release|Any CPU
		{B1A40038-1749-40E0-BB21-F384DCA50FB7}.Release|Any CPU.Build.0 = Release|Any CPU
		{193BB801-054F-4729-9D5D-FCE1E32594BF}.Debug|Any CPU.ActiveCfg = Debug|Any CPU
		{193BB801-054F-4729-9D5D-FCE1E32594BF}.Debug|Any CPU.Build.0 = Debug|Any CPU
		{193BB801-054F-4729-9D5D-FCE1E32594BF}.Release|Any CPU.ActiveCfg = Release|Any CPU
		{193BB801-054F-4729-9D5D-FCE1E32594BF}.Release|Any CPU.Build.0 = Release|Any CPU
		{420B6F3B-5FEC-4B6D-8644-5DD3D23CC334}.Debug|Any CPU.ActiveCfg = Debug|Any CPU
		{420B6F3B-5FEC-4B6D-8644-5DD3D23CC334}.Debug|Any CPU.Build.0 = Debug|Any CPU
		{420B6F3B-5FEC-4B6D-8644-5DD3D23CC334}.Release|Any CPU.ActiveCfg = Release|Any CPU
		{420B6F3B-5FEC-4B6D-8644-5DD3D23CC334}.Release|Any CPU.Build.0 = Release|Any CPU
	EndGlobalSection
	GlobalSection(SolutionProperties) = preSolution
		HideSolutionNode = FALSE
	EndGlobalSection
EndGlobal
